PODS:
  - FBNetworkReachability (1.0.1)
  - LKCodingObject (1.4.1)
  - LKPostingQueueManager (1.1.0):
    - FBNetworkReachability
    - LKCodingObject
    - LKQueue
    - LKTaskCompletion
  - LKQueue (1.2.1)
  - LKTaskCompletion (1.1.0)

DEPENDENCIES:
  - LKPostingQueueManager (from `../`)

EXTERNAL SOURCES:
  LKPostingQueueManager:
    :path: ../

SPEC CHECKSUMS:
  FBNetworkReachability: 8afc4a2a1d6d24a5fd78db732b48fce9351519f9
  LKCodingObject: 515eb4571d6280160cf42b8e86540d2b2e94a41a
  LKPostingQueueManager: d49fef6e990ef0660e74c09fcc957682ccb32559
  LKQueue: 48b301b321f233c39d05421b8b917886a986cf72
  LKTaskCompletion: 1596bec3b4489bb891e0ccfcac7fa9dc25f860f4

PODFILE CHECKSUM: 1d2a69cd2fabe4f2afa7c262454d9765e0e68643

COCOAPODS: 1.3.1
