PODS:
  - FBNetworkReachability (1.0.1)
  - LKCodingObject (1.3.2)
  - LKPostingQueueManager (1.0.0):
    - FBNetworkReachability
    - LKCodingObject
    - LKQueue
    - LKTaskCompletion
  - LKQueue (1.1.1)
  - LKTaskCompletion (1.0.1)

DEPENDENCIES:
  - LKPostingQueueManager (from `../`)

EXTERNAL SOURCES:
  LKPostingQueueManager:
    :path: ../

SPEC CHECKSUMS:
  FBNetworkReachability: 8afc4a2a1d6d24a5fd78db732b48fce9351519f9
  LKCodingObject: a169ae32ca086f39c5bcc581830e43e3babfee2c
  LKPostingQueueManager: c8039964ac9b78e1471f3918f7c6b897c1ab8dea
  LKQueue: af1ab35be3ec164c468891e157016d02885a23ae
  LKTaskCompletion: 371c7a7e14ee4e4a9142f5b5a09af47e6a47b824

PODFILE CHECKSUM: 7308d769852728def729fb375719372562fc3f33

COCOAPODS: 1.0.1
